
Microsoft Visual Studio Solution File, Format Version 12.00
# Visual Studio Version 16
VisualStudioVersion = 16.0.31019.35
MinimumVisualStudioVersion = 10.0.40219.1
Project("{8BC9CEB8-8B4A-11D0-8D11-00A0C91BC942}") = "Cherno2D", "Cherno2D\Cherno2D.vcxproj", "{C1FD1BA0-3863-4406-BCB0-D29246304546}"
EndProject
Global
	GlobalSection(SolutionConfigurationPlatforms) = preSolution
		Debug|x64 = Debug|x64
		Debug|x86 = Debug|x86
		Release|x64 = Release|x64
		Release|x86 = Release|x86
	EndGlobalSection
	GlobalSection(ProjectConfigurationPlatforms) = postSolution
		{C1FD1BA0-3863-4406-BCB0-D29246304546}.Debug|x64.ActiveCfg = Debug|x64
		{C1FD1BA0-3863-4406-BCB0-D29246304546}.Debug|x64.Build.0 = Debug|x64
		{C1FD1BA0-3863-4406-BCB0-D29246304546}.Debug|x86.ActiveCfg = Debug|x64
		{C1FD1BA0-3863-4406-BCB0-D29246304546}.Debug|x86.Build.0 = Debug|x64
		{C1FD1BA0-3863-4406-BCB0-D29246304546}.Release|x64.ActiveCfg = Release|x64
		{C1FD1BA0-3863-4406-BCB0-D29246304546}.Release|x64.Build.0 = Release|x64
		{C1FD1BA0-3863-4406-BCB0-D29246304546}.Release|x86.ActiveCfg = Release|x64
	EndGlobalSection
	GlobalSection(SolutionProperties) = preSolution
		HideSolutionNode = FALSE
	EndGlobalSection
	GlobalSection(ExtensibilityGlobals) = postSolution
		SolutionGuid = {5FD8737E-6ACA-4ECC-AE03-A91E5D843786}
	EndGlobalSection
EndGlobal
